
Microsoft Visual Studio Solution File, Format Version 12.00
# Visual Studio 15
VisualStudioVersion = 15.0.26430.16
MinimumVisualStudioVersion = 10.0.40219.1
Project("{FAE04EC0-301F-11D3-BF4B-00C04F79EFBC}") = "NetworkGameCopier", "NetworkGameCopier\NetworkGameCopier.csproj", "{C0042921-FFAD-42DF-898D-1B67B6F717F5}"
EndProject
Project("{FAE04EC0-301F-11D3-BF4B-00C04F79EFBC}") = "UpdateService", "UpdateService\UpdateService.csproj", "{B1055442-37F7-4898-ACD3-F2D9C49BE5FE}"
EndProject
Global
	GlobalSection(SolutionConfigurationPlatforms) = preSolution
		Debug|Any CPU = Debug|Any CPU
		Release|Any CPU = Release|Any CPU
	EndGlobalSection
	GlobalSection(ProjectConfigurationPlatforms) = postSolution
		{C0042921-FFAD-42DF-898D-1B67B6F717F5}.Debug|Any CPU.ActiveCfg = Debug|Any CPU
		{C0042921-FFAD-42DF-898D-1B67B6F717F5}.Debug|Any CPU.Build.0 = Debug|Any CPU
		{C0042921-FFAD-42DF-898D-1B67B6F717F5}.Release|Any CPU.ActiveCfg = Release|Any CPU
		{C0042921-FFAD-42DF-898D-1B67B6F717F5}.Release|Any CPU.Build.0 = Release|Any CPU
		{B1055442-37F7-4898-ACD3-F2D9C49BE5FE}.Debug|Any CPU.ActiveCfg = Debug|Any CPU
		{B1055442-37F7-4898-ACD3-F2D9C49BE5FE}.Debug|Any CPU.Build.0 = Debug|Any CPU
		{B1055442-37F7-4898-ACD3-F2D9C49BE5FE}.Release|Any CPU.ActiveCfg = Release|Any CPU
		{B1055442-37F7-4898-ACD3-F2D9C49BE5FE}.Release|Any CPU.Build.0 = Release|Any CPU
	EndGlobalSection
	GlobalSection(SolutionProperties) = preSolution
		HideSolutionNode = FALSE
	EndGlobalSection
EndGlobal
